
Microsoft Visual Studio Solution File, Format Version 11.00
# Visual Studio 2010
Project("{D2ABAB84-BF74-430A-B69E-9DC6D40DDA17}") = "analyse", "analyse\analyse.dwproj", "{1583EDC8-4067-4B28-B932-B61F12724FFA}"
EndProject
Global
	GlobalSection(SolutionConfigurationPlatforms) = preSolution
		Development|Default = Development|Default
	EndGlobalSection
	GlobalSection(ProjectConfigurationPlatforms) = postSolution
		{1583EDC8-4067-4B28-B932-B61F12724FFA}.Development|Default.ActiveCfg = Development
		{1583EDC8-4067-4B28-B932-B61F12724FFA}.Development|Default.Build.0 = Development
		{1583EDC8-4067-4B28-B932-B61F12724FFA}.Development|Default.Deploy.0 = Development
	EndGlobalSection
	GlobalSection(SolutionProperties) = preSolution
		HideSolutionNode = FALSE
	EndGlobalSection
EndGlobal
